
Microsoft Visual Studio Solution File, Format Version 12.00
# Visual Studio Version 17
VisualStudioVersion = 17.10.35122.118
MinimumVisualStudioVersion = 10.0.40219.1
Project("{FAE04EC0-301F-11D3-BF4B-00C04F79EFBC}") = "List_note", "List_note\List_note.csproj", "{7245CE7E-7861-47F3-AF32-78F04B3F368F}"
EndProject
Global
	GlobalSection(SolutionConfigurationPlatforms) = preSolution
		Debug|Any CPU = Debug|Any CPU
		Release|Any CPU = Release|Any CPU
	EndGlobalSection
	GlobalSection(ProjectConfigurationPlatforms) = postSolution
		{7245CE7E-7861-47F3-AF32-78F04B3F368F}.Debug|Any CPU.ActiveCfg = Debug|Any CPU
		{7245CE7E-7861-47F3-AF32-78F04B3F368F}.Debug|Any CPU.Build.0 = Debug|Any CPU
		{7245CE7E-7861-47F3-AF32-78F04B3F368F}.Release|Any CPU.ActiveCfg = Release|Any CPU
		{7245CE7E-7861-47F3-AF32-78F04B3F368F}.Release|Any CPU.Build.0 = Release|Any CPU
	EndGlobalSection
	GlobalSection(SolutionProperties) = preSolution
		HideSolutionNode = FALSE
	EndGlobalSection
	GlobalSection(ExtensibilityGlobals) = postSolution
		SolutionGuid = {02E72973-1422-4042-AED2-D5D4AC450F15}
	EndGlobalSection
EndGlobal
